{
  "version": 4,
  "terraform_version": "1.5.6",
  "serial": 3,
  "lineage": "dc597abb-d7cf-aa56-dae1-5bc99129a3c9",
  "outputs": {},
  "resources": [
    {
      "mode": "managed",
      "type": "azurerm_storage_account",
      "name": "all_storage",
      "provider": "provider[\"registry.terraform.io/hashicorp/azurerm\"]",
      "instances": [
        {
          "schema_version": 3,
          "attributes": {
            "access_tier": "Hot",
            "account_kind": "StorageV2",
            "account_replication_type": "LRS",
            "account_tier": "Standard",
            "allow_nested_items_to_be_public": true,
            "azure_files_authentication": [],
            "blob_properties": [
              {
                "change_feed_enabled": false,
                "container_delete_retention_policy": [],
                "cors_rule": [],
                "default_service_version": "",
                "delete_retention_policy": [],
                "last_access_time_enabled": false,
                "versioning_enabled": false
              }
            ],
            "custom_domain": [],
            "customer_managed_key": [],
            "edge_zone": "",
            "enable_https_traffic_only": true,
            "id": "/subscriptions/11794cc4-3bda-42e0-b5ef-86356d008ba3/resourceGroups/aks-proving-rg/providers/Microsoft.Storage/storageAccounts/allmytfstorage123",
            "identity": [],
            "infrastructure_encryption_enabled": false,
            "is_hns_enabled": false,
            "large_file_share_enabled": null,
            "location": "uksouth",
            "min_tls_version": "TLS1_2",
            "name": "allmytfstorage123",
            "network_rules": [
              {
                "bypass": [
                  "AzureServices"
                ],
                "default_action": "Allow",
                "ip_rules": [],
                "private_link_access": [],
                "virtual_network_subnet_ids": []
              }
            ],
            "nfsv3_enabled": false,
            "primary_access_key": "EFsQ3G1EWHB2gf09RotPq0kJepRk4I7RWdOfDuvMKrngxoTLKMtDAXvAM/df99a8GN/htO7BavHB+AStGYHzDA==",
            "primary_blob_connection_string": "DefaultEndpointsProtocol=https;BlobEndpoint=https://allmytfstorage123.blob.core.windows.net/;AccountName=allmytfstorage123;AccountKey=EFsQ3G1EWHB2gf09RotPq0kJepRk4I7RWdOfDuvMKrngxoTLKMtDAXvAM/df99a8GN/htO7BavHB+AStGYHzDA==",
            "primary_blob_endpoint": "https://allmytfstorage123.blob.core.windows.net/",
            "primary_blob_host": "allmytfstorage123.blob.core.windows.net",
            "primary_connection_string": "DefaultEndpointsProtocol=https;AccountName=allmytfstorage123;AccountKey=EFsQ3G1EWHB2gf09RotPq0kJepRk4I7RWdOfDuvMKrngxoTLKMtDAXvAM/df99a8GN/htO7BavHB+AStGYHzDA==;EndpointSuffix=core.windows.net",
            "primary_dfs_endpoint": "https://allmytfstorage123.dfs.core.windows.net/",
            "primary_dfs_host": "allmytfstorage123.dfs.core.windows.net",
            "primary_file_endpoint": "https://allmytfstorage123.file.core.windows.net/",
            "primary_file_host": "allmytfstorage123.file.core.windows.net",
            "primary_location": "uksouth",
            "primary_queue_endpoint": "https://allmytfstorage123.queue.core.windows.net/",
            "primary_queue_host": "allmytfstorage123.queue.core.windows.net",
            "primary_table_endpoint": "https://allmytfstorage123.table.core.windows.net/",
            "primary_table_host": "allmytfstorage123.table.core.windows.net",
            "primary_web_endpoint": "https://allmytfstorage123.z33.web.core.windows.net/",
            "primary_web_host": "allmytfstorage123.z33.web.core.windows.net",
            "queue_encryption_key_type": "Service",
            "queue_properties": [
              {
                "cors_rule": [],
                "hour_metrics": [
                  {
                    "enabled": true,
                    "include_apis": true,
                    "retention_policy_days": 7,
                    "version": "1.0"
                  }
                ],
                "logging": [
                  {
                    "delete": false,
                    "read": false,
                    "retention_policy_days": 0,
                    "version": "1.0",
                    "write": false
                  }
                ],
                "minute_metrics": [
                  {
                    "enabled": false,
                    "include_apis": false,
                    "retention_policy_days": 0,
                    "version": "1.0"
                  }
                ]
              }
            ],
            "resource_group_name": "aks-proving-rg",
            "routing": [],
            "secondary_access_key": "lct/e4R+P1BUq6Ovw5PcxgzvyyYPGxqQ3fLAZQEx89OpwdRFQatCKwiyniZtmMpI2dcJclufYDM1+AStZvi72A==",
            "secondary_blob_connection_string": "",
            "secondary_blob_endpoint": null,
            "secondary_blob_host": null,
            "secondary_connection_string": "DefaultEndpointsProtocol=https;AccountName=allmytfstorage123;AccountKey=lct/e4R+P1BUq6Ovw5PcxgzvyyYPGxqQ3fLAZQEx89OpwdRFQatCKwiyniZtmMpI2dcJclufYDM1+AStZvi72A==;EndpointSuffix=core.windows.net",
            "secondary_dfs_endpoint": null,
            "secondary_dfs_host": null,
            "secondary_file_endpoint": null,
            "secondary_file_host": null,
            "secondary_location": "",
            "secondary_queue_endpoint": null,
            "secondary_queue_host": null,
            "secondary_table_endpoint": null,
            "secondary_table_host": null,
            "secondary_web_endpoint": null,
            "secondary_web_host": null,
            "share_properties": [
              {
                "cors_rule": [],
                "retention_policy": [
                  {
                    "days": 7
                  }
                ],
                "smb": []
              }
            ],
            "shared_access_key_enabled": true,
            "static_website": [],
            "table_encryption_key_type": "Service",
            "tags": null,
            "timeouts": null
          },
          "sensitive_attributes": [],
          "private": "eyJlMmJmYjczMC1lY2FhLTExZTYtOGY4OC0zNDM2M2JjN2M0YzAiOnsiY3JlYXRlIjozNjAwMDAwMDAwMDAwLCJkZWxldGUiOjM2MDAwMDAwMDAwMDAsInJlYWQiOjMwMDAwMDAwMDAwMCwidXBkYXRlIjozNjAwMDAwMDAwMDAwfSwic2NoZW1hX3ZlcnNpb24iOiIzIn0="
        }
      ]
    }
  ],
  "check_results": null
}
